
Microsoft Visual Studio Solution File, Format Version 12.00
# Visual Studio Version 17
VisualStudioVersion = 17.9.34622.214
MinimumVisualStudioVersion = 10.0.40219.1
Project("{FAE04EC0-301F-11D3-BF4B-00C04F79EFBC}") = "tA-Aulas", "tA-Aulas\tA-Aulas.csproj", "{7AE6B793-71AD-47BC-A6D6-E7C297872C16}"
EndProject
Global
	GlobalSection(SolutionConfigurationPlatforms) = preSolution
		Debug|Any CPU = Debug|Any CPU
		Release|Any CPU = Release|Any CPU
	EndGlobalSection
	GlobalSection(ProjectConfigurationPlatforms) = postSolution
		{7AE6B793-71AD-47BC-A6D6-E7C297872C16}.Debug|Any CPU.ActiveCfg = Debug|Any CPU
		{7AE6B793-71AD-47BC-A6D6-E7C297872C16}.Debug|Any CPU.Build.0 = Debug|Any CPU
		{7AE6B793-71AD-47BC-A6D6-E7C297872C16}.Release|Any CPU.ActiveCfg = Release|Any CPU
		{7AE6B793-71AD-47BC-A6D6-E7C297872C16}.Release|Any CPU.Build.0 = Release|Any CPU
	EndGlobalSection
	GlobalSection(SolutionProperties) = preSolution
		HideSolutionNode = FALSE
	EndGlobalSection
	GlobalSection(ExtensibilityGlobals) = postSolution
		SolutionGuid = {7B21CD07-B850-4327-9611-418CBEEB8899}
	EndGlobalSection
EndGlobal
